{
  "name": "9nights-dark-pro",
  "version": "0.0.1",
  "lockfileVersion": 3,
  "requires": true,
  "packages": {
    "": {
      "name": "9nights-dark-pro",
      "version": "0.0.1",
      "dependencies": {
        "9nights-dark-pro": "file:"
      },
      "engines": {
        "vscode": "^1.98.0"
      }
    },
    "node_modules/9nights-dark-pro": {
      "resolved": "",
      "link": true
    }
  }
}
